
Microsoft Visual Studio Solution File, Format Version 12.00
# Visual Studio Version 17
VisualStudioVersion = 17.11.35312.102
MinimumVisualStudioVersion = 10.0.40219.1
Project("{FAE04EC0-301F-11D3-BF4B-00C04F79EFBC}") = "MaliyetHesaplama", "MaliyetHesaplama\MaliyetHesaplama.csproj", "{F4F38E2C-C6EB-4418-A5DB-F36337C2F23A}"
EndProject
Global
	GlobalSection(SolutionConfigurationPlatforms) = preSolution
		Debug|Any CPU = Debug|Any CPU
		Release|Any CPU = Release|Any CPU
	EndGlobalSection
	GlobalSection(ProjectConfigurationPlatforms) = postSolution
		{F4F38E2C-C6EB-4418-A5DB-F36337C2F23A}.Debug|Any CPU.ActiveCfg = Debug|Any CPU
		{F4F38E2C-C6EB-4418-A5DB-F36337C2F23A}.Debug|Any CPU.Build.0 = Debug|Any CPU
		{F4F38E2C-C6EB-4418-A5DB-F36337C2F23A}.Release|Any CPU.ActiveCfg = Release|Any CPU
		{F4F38E2C-C6EB-4418-A5DB-F36337C2F23A}.Release|Any CPU.Build.0 = Release|Any CPU
	EndGlobalSection
	GlobalSection(SolutionProperties) = preSolution
		HideSolutionNode = FALSE
	EndGlobalSection
	GlobalSection(ExtensibilityGlobals) = postSolution
		SolutionGuid = {FA19CE7B-28AD-4C7C-A46A-65DBE048E4CC}
	EndGlobalSection
EndGlobal
